# THIS IS AN AUTOGENERATED FILE. DO NOT EDIT THIS FILE DIRECTLY.
# yarn lockfile v1


"@fortawesome/fontawesome-free@^5.8.2":
  version "5.8.2"
  resolved "https://registry.yarnpkg.com/@fortawesome/fontawesome-free/-/fontawesome-free-5.8.2.tgz#fae4112c4fb47086f6ae167e32524b280000abd5"
  integrity sha512-E4fDUF4fbu9AxKpaQQqCN3XBnNzb/5e0Gvd9OaQsYkK574LVI57v/EqqPfIm/mC7jYbxaPNrhvT5AF+Yzwyizg==
